// !$*UTF8*$!
{
	archiveVersion = 1;
	classes = {
	};
	objectVersion = 50;
	objects = {

/* Begin PBXBuildFile section */
		293A1ABC23BE47F9006754F7 /* AppDelegate.swift in Sources */ = {isa = PBXBuildFile; fileRef = 293A1ABB23BE47F9006754F7 /* AppDelegate.swift */; };
		293A1ABE23BE47F9006754F7 /* SceneDelegate.swift in Sources */ = {isa = PBXBuildFile; fileRef = 293A1ABD23BE47F9006754F7 /* SceneDelegate.swift */; };
		293A1AC023BE47F9006754F7 /* ViewController.swift in Sources */ = {isa = PBXBuildFile; fileRef = 293A1ABF23BE47F9006754F7 /* ViewController.swift */; };
		293A1AC323BE47F9006754F7 /* Main.storyboard in Resources */ = {isa = PBXBuildFile; fileRef = 293A1AC123BE47F9006754F7 /* Main.storyboard */; };
		293A1AC523BE47FB006754F7 /* Assets.xcassets in Resources */ = {isa = PBXBuildFile; fileRef = 293A1AC423BE47FB006754F7 /* Assets.xcassets */; };
		293A1AC823BE47FB006754F7 /* LaunchScreen.storyboard in Resources */ = {isa = PBXBuildFile; fileRef = 293A1AC623BE47FB006754F7 /* LaunchScreen.storyboard */; };
		293A1AD023BE48E9006754F7 /* SummaryViewController.swift in Sources */ = {isa = PBXBuildFile; fileRef = 293A1ACF23BE48E9006754F7 /* SummaryViewController.swift */; };
		293A1AD623BE5ADC006754F7 /* ViewTableViewCell.swift in Sources */ = {isa = PBXBuildFile; fileRef = 293A1AD523BE5ADC006754F7 /* ViewTableViewCell.swift */; };
		293A1AD823BE5AEA006754F7 /* SummaryTableViewCell.swift in Sources */ = {isa = PBXBuildFile; fileRef = 293A1AD723BE5AEA006754F7 /* SummaryTableViewCell.swift */; };
		293A1ADB23BE5B2A006754F7 /* FibonacciModel.swift in Sources */ = {isa = PBXBuildFile; fileRef = 293A1ADA23BE5B2A006754F7 /* FibonacciModel.swift */; };
		293A1ADE23BE6F10006754F7 /* InputDelegateHandler.swift in Sources */ = {isa = PBXBuildFile; fileRef = 293A1ADD23BE6F10006754F7 /* InputDelegateHandler.swift */; };
		293A1AE323BE7A06006754F7 /* TextFieldExtensions.swift in Sources */ = {isa = PBXBuildFile; fileRef = 293A1AE223BE7A06006754F7 /* TextFieldExtensions.swift */; };
/* End PBXBuildFile section */

/* Begin PBXFileReference section */
		293A1AB823BE47F9006754F7 /* FibTestApp.app */ = {isa = PBXFileReference; explicitFileType = wrapper.application; includeInIndex = 0; path = FibTestApp.app; sourceTree = BUILT_PRODUCTS_DIR; };
		293A1ABB23BE47F9006754F7 /* AppDelegate.swift */ = {isa = PBXFileReference; lastKnownFileType = sourcecode.swift; path = AppDelegate.swift; sourceTree = "<group>"; };
		293A1ABD23BE47F9006754F7 /* SceneDelegate.swift */ = {isa = PBXFileReference; lastKnownFileType = sourcecode.swift; path = SceneDelegate.swift; sourceTree = "<group>"; };
		293A1ABF23BE47F9006754F7 /* ViewController.swift */ = {isa = PBXFileReference; lastKnownFileType = sourcecode.swift; path = ViewController.swift; sourceTree = "<group>"; };
		293A1AC223BE47F9006754F7 /* Base */ = {isa = PBXFileReference; lastKnownFileType = file.storyboard; name = Base; path = Base.lproj/Main.storyboard; sourceTree = "<group>"; };
		293A1AC423BE47FB006754F7 /* Assets.xcassets */ = {isa = PBXFileReference; lastKnownFileType = folder.assetcatalog; path = Assets.xcassets; sourceTree = "<group>"; };
		293A1AC723BE47FB006754F7 /* Base */ = {isa = PBXFileReference; lastKnownFileType = file.storyboard; name = Base; path = Base.lproj/LaunchScreen.storyboard; sourceTree = "<group>"; };
		293A1AC923BE47FB006754F7 /* Info.plist */ = {isa = PBXFileReference; lastKnownFileType = text.plist.xml; path = Info.plist; sourceTree = "<group>"; };
		293A1ACF23BE48E9006754F7 /* SummaryViewController.swift */ = {isa = PBXFileReference; lastKnownFileType = sourcecode.swift; path = SummaryViewController.swift; sourceTree = "<group>"; };
		293A1AD523BE5ADC006754F7 /* ViewTableViewCell.swift */ = {isa = PBXFileReference; lastKnownFileType = sourcecode.swift; path = ViewTableViewCell.swift; sourceTree = "<group>"; };
		293A1AD723BE5AEA006754F7 /* SummaryTableViewCell.swift */ = {isa = PBXFileReference; lastKnownFileType = sourcecode.swift; path = SummaryTableViewCell.swift; sourceTree = "<group>"; };
		293A1ADA23BE5B2A006754F7 /* FibonacciModel.swift */ = {isa = PBXFileReference; lastKnownFileType = sourcecode.swift; path = FibonacciModel.swift; sourceTree = "<group>"; };
		293A1ADD23BE6F10006754F7 /* InputDelegateHandler.swift */ = {isa = PBXFileReference; lastKnownFileType = sourcecode.swift; path = InputDelegateHandler.swift; sourceTree = "<group>"; };
		293A1AE223BE7A06006754F7 /* TextFieldExtensions.swift */ = {isa = PBXFileReference; lastKnownFileType = sourcecode.swift; path = TextFieldExtensions.swift; sourceTree = "<group>"; };
/* End PBXFileReference section */

/* Begin PBXFrameworksBuildPhase section */
		293A1AB523BE47F9006754F7 /* Frameworks */ = {
			isa = PBXFrameworksBuildPhase;
			buildActionMask = 2147483647;
			files = (
			);
			runOnlyForDeploymentPostprocessing = 0;
		};
/* End PBXFrameworksBuildPhase section */

/* Begin PBXGroup section */
		293A1AAF23BE47F9006754F7 = {
			isa = PBXGroup;
			children = (
				293A1ABA23BE47F9006754F7 /* FibTestApp */,
				293A1AB923BE47F9006754F7 /* Products */,
			);
			sourceTree = "<group>";
		};
		293A1AB923BE47F9006754F7 /* Products */ = {
			isa = PBXGroup;
			children = (
				293A1AB823BE47F9006754F7 /* FibTestApp.app */,
			);
			name = Products;
			sourceTree = "<group>";
		};
		293A1ABA23BE47F9006754F7 /* FibTestApp */ = {
			isa = PBXGroup;
			children = (
				293A1ABB23BE47F9006754F7 /* AppDelegate.swift */,
				293A1ABD23BE47F9006754F7 /* SceneDelegate.swift */,
				293A1AC923BE47FB006754F7 /* Info.plist */,
				293A1AD923BE5B03006754F7 /* Models */,
				293A1ADC23BE6E77006754F7 /* Handlers */,
				293A1AD323BE5A0B006754F7 /* Cells */,
				293A1ADF23BE7804006754F7 /* Extensions */,
				293A1AD223BE59C2006754F7 /* Resources */,
				293A1AD123BE59AA006754F7 /* ViewControllers */,
			);
			path = FibTestApp;
			sourceTree = "<group>";
		};
		293A1AD123BE59AA006754F7 /* ViewControllers */ = {
			isa = PBXGroup;
			children = (
				293A1ABF23BE47F9006754F7 /* ViewController.swift */,
				293A1ACF23BE48E9006754F7 /* SummaryViewController.swift */,
			);
			path = ViewControllers;
			sourceTree = "<group>";
		};
		293A1AD223BE59C2006754F7 /* Resources */ = {
			isa = PBXGroup;
			children = (
				293A1AC623BE47FB006754F7 /* LaunchScreen.storyboard */,
				293A1AC423BE47FB006754F7 /* Assets.xcassets */,
				293A1AC123BE47F9006754F7 /* Main.storyboard */,
			);
			path = Resources;
			sourceTree = "<group>";
		};
		293A1AD323BE5A0B006754F7 /* Cells */ = {
			isa = PBXGroup;
			children = (
				293A1AD523BE5ADC006754F7 /* ViewTableViewCell.swift */,
				293A1AD723BE5AEA006754F7 /* SummaryTableViewCell.swift */,
			);
			path = Cells;
			sourceTree = "<group>";
		};
		293A1AD923BE5B03006754F7 /* Models */ = {
			isa = PBXGroup;
			children = (
				293A1ADA23BE5B2A006754F7 /* FibonacciModel.swift */,
			);
			path = Models;
			sourceTree = "<group>";
		};
		293A1ADC23BE6E77006754F7 /* Handlers */ = {
			isa = PBXGroup;
			children = (
				293A1ADD23BE6F10006754F7 /* InputDelegateHandler.swift */,
			);
			path = Handlers;
			sourceTree = "<group>";
		};
		293A1ADF23BE7804006754F7 /* Extensions */ = {
			isa = PBXGroup;
			children = (
				293A1AE223BE7A06006754F7 /* TextFieldExtensions.swift */,
			);
			path = Extensions;
			sourceTree = "<group>";
		};
/* End PBXGroup section */

/* Begin PBXNativeTarget section */
		293A1AB723BE47F9006754F7 /* FibTestApp */ = {
			isa = PBXNativeTarget;
			buildConfigurationList = 293A1ACC23BE47FB006754F7 /* Build configuration list for PBXNativeTarget "FibTestApp" */;
			buildPhases = (
				293A1AB423BE47F9006754F7 /* Sources */,
				293A1AB523BE47F9006754F7 /* Frameworks */,
				293A1AB623BE47F9006754F7 /* Resources */,
			);
			buildRules = (
			);
			dependencies = (
			);
			name = FibTestApp;
			productName = FibTestApp;
			productReference = 293A1AB823BE47F9006754F7 /* FibTestApp.app */;
			productType = "com.apple.product-type.application";
		};
/* End PBXNativeTarget section */

/* Begin PBXProject section */
		293A1AB023BE47F9006754F7 /* Project object */ = {
			isa = PBXProject;
			attributes = {
				LastSwiftUpdateCheck = 1130;
				LastUpgradeCheck = 1130;
				ORGANIZATIONNAME = "Eric Cha";
				TargetAttributes = {
					293A1AB723BE47F9006754F7 = {
						CreatedOnToolsVersion = 11.3;
					};
				};
			};
			buildConfigurationList = 293A1AB323BE47F9006754F7 /* Build configuration list for PBXProject "FibTestApp" */;
			compatibilityVersion = "Xcode 9.3";
			developmentRegion = en;
			hasScannedForEncodings = 0;
			knownRegions = (
				en,
				Base,
			);
			mainGroup = 293A1AAF23BE47F9006754F7;
			productRefGroup = 293A1AB923BE47F9006754F7 /* Products */;
			projectDirPath = "";
			projectRoot = "";
			targets = (
				293A1AB723BE47F9006754F7 /* FibTestApp */,
			);
		};
/* End PBXProject section */

/* Begin PBXResourcesBuildPhase section */
		293A1AB623BE47F9006754F7 /* Resources */ = {
			isa = PBXResourcesBuildPhase;
			buildActionMask = 2147483647;
			files = (
				293A1AC823BE47FB006754F7 /* LaunchScreen.storyboard in Resources */,
				293A1AC523BE47FB006754F7 /* Assets.xcassets in Resources */,
				293A1AC323BE47F9006754F7 /* Main.storyboard in Resources */,
			);
			runOnlyForDeploymentPostprocessing = 0;
		};
/* End PBXResourcesBuildPhase section */

/* Begin PBXSourcesBuildPhase section */
		293A1AB423BE47F9006754F7 /* Sources */ = {
			isa = PBXSourcesBuildPhase;
			buildActionMask = 2147483647;
			files = (
				293A1AC023BE47F9006754F7 /* ViewController.swift in Sources */,
				293A1AD623BE5ADC006754F7 /* ViewTableViewCell.swift in Sources */,
				293A1ABC23BE47F9006754F7 /* AppDelegate.swift in Sources */,
				293A1ABE23BE47F9006754F7 /* SceneDelegate.swift in Sources */,
				293A1AD823BE5AEA006754F7 /* SummaryTableViewCell.swift in Sources */,
				293A1AD023BE48E9006754F7 /* SummaryViewController.swift in Sources */,
				293A1ADE23BE6F10006754F7 /* InputDelegateHandler.swift in Sources */,
				293A1AE323BE7A06006754F7 /* TextFieldExtensions.swift in Sources */,
				293A1ADB23BE5B2A006754F7 /* FibonacciModel.swift in Sources */,
			);
			runOnlyForDeploymentPostprocessing = 0;
		};
/* End PBXSourcesBuildPhase section */

/* Begin PBXVariantGroup section */
		293A1AC123BE47F9006754F7 /* Main.storyboard */ = {
			isa = PBXVariantGroup;
			children = (
				293A1AC223BE47F9006754F7 /* Base */,
			);
			name = Main.storyboard;
			sourceTree = "<group>";
		};
		293A1AC623BE47FB006754F7 /* LaunchScreen.storyboard */ = {
			isa = PBXVariantGroup;
			children = (
				293A1AC723BE47FB006754F7 /* Base */,
			);
			name = LaunchScreen.storyboard;
			sourceTree = "<group>";
		};
/* End PBXVariantGroup section */

/* Begin XCBuildConfiguration section */
		293A1ACA23BE47FB006754F7 /* Debug */ = {
			isa = XCBuildConfiguration;
			buildSettings = {
				ALWAYS_SEARCH_USER_PATHS = NO;
				CLANG_ANALYZER_NONNULL = YES;
				CLANG_ANALYZER_NUMBER_OBJECT_CONVERSION = YES_AGGRESSIVE;
				CLANG_CXX_LANGUAGE_STANDARD = "gnu++14";
				CLANG_CXX_LIBRARY = "libc++";
				CLANG_ENABLE_MODULES = YES;
				CLANG_ENABLE_OBJC_ARC = YES;
				CLANG_ENABLE_OBJC_WEAK = YES;
				CLANG_WARN_BLOCK_CAPTURE_AUTORELEASING = YES;
				CLANG_WARN_BOOL_CONVERSION = YES;
				CLANG_WARN_COMMA = YES;
				CLANG_WARN_CONSTANT_CONVERSION = YES;
				CLANG_WARN_DEPRECATED_OBJC_IMPLEMENTATIONS = YES;
				CLANG_WARN_DIRECT_OBJC_ISA_USAGE = YES_ERROR;
				CLANG_WARN_DOCUMENTATION_COMMENTS = YES;
				CLANG_WARN_EMPTY_BODY = YES;
				CLANG_WARN_ENUM_CONVERSION = YES;
				CLANG_WARN_INFINITE_RECURSION = YES;
				CLANG_WARN_INT_CONVERSION = YES;
				CLANG_WARN_NON_LITERAL_NULL_CONVERSION = YES;
				CLANG_WARN_OBJC_IMPLICIT_RETAIN_SELF = YES;
				CLANG_WARN_OBJC_LITERAL_CONVERSION = YES;
				CLANG_WARN_OBJC_ROOT_CLASS = YES_ERROR;
				CLANG_WARN_RANGE_LOOP_ANALYSIS = YES;
				CLANG_WARN_STRICT_PROTOTYPES = YES;
				CLANG_WARN_SUSPICIOUS_MOVE = YES;
				CLANG_WARN_UNGUARDED_AVAILABILITY = YES_AGGRESSIVE;
				CLANG_WARN_UNREACHABLE_CODE = YES;
				CLANG_WARN__DUPLICATE_METHOD_MATCH = YES;
				COPY_PHASE_STRIP = NO;
				DEBUG_INFORMATION_FORMAT = dwarf;
				ENABLE_STRICT_OBJC_MSGSEND = YES;
				ENABLE_TESTABILITY = YES;
				GCC_C_LANGUAGE_STANDARD = gnu11;
				GCC_DYNAMIC_NO_PIC = NO;
				GCC_NO_COMMON_BLOCKS = YES;
				GCC_OPTIMIZATION_LEVEL = 0;
				GCC_PREPROCESSOR_DEFINITIONS = (
					"DEBUG=1",
					"$(inherited)",
				);
				GCC_WARN_64_TO_32_BIT_CONVERSION = YES;
				GCC_WARN_ABOUT_RETURN_TYPE = YES_ERROR;
				GCC_WARN_UNDECLARED_SELECTOR = YES;
				GCC_WARN_UNINITIALIZED_AUTOS = YES_AGGRESSIVE;
				GCC_WARN_UNUSED_FUNCTION = YES;
				GCC_WARN_UNUSED_VARIABLE = YES;
				IPHONEOS_DEPLOYMENT_TARGET = 13.0;
				MTL_ENABLE_DEBUG_INFO = INCLUDE_SOURCE;
				MTL_FAST_MATH = YES;
				ONLY_ACTIVE_ARCH = YES;
				SDKROOT = iphoneos;
				SWIFT_ACTIVE_COMPILATION_CONDITIONS = DEBUG;
				SWIFT_OPTIMIZATION_LEVEL = "-Onone";
			};
			name = Debug;
		};
		293A1ACB23BE47FB006754F7 /* Release */ = {
			isa = XCBuildConfiguration;
			buildSettings = {
				ALWAYS_SEARCH_USER_PATHS = NO;
				CLANG_ANALYZER_NONNULL = YES;
				CLANG_ANALYZER_NUMBER_OBJECT_CONVERSION = YES_AGGRESSIVE;
				CLANG_CXX_LANGUAGE_STANDARD = "gnu++14";
				CLANG_CXX_LIBRARY = "libc++";
				CLANG_ENABLE_MODULES = YES;
				CLANG_ENABLE_OBJC_ARC = YES;
				CLANG_ENABLE_OBJC_WEAK = YES;
				CLANG_WARN_BLOCK_CAPTURE_AUTORELEASING = YES;
				CLANG_WARN_BOOL_CONVERSION = YES;
				CLANG_WARN_COMMA = YES;
				CLANG_WARN_CONSTANT_CONVERSION = YES;
				CLANG_WARN_DEPRECATED_OBJC_IMPLEMENTATIONS = YES;
				CLANG_WARN_DIRECT_OBJC_ISA_USAGE = YES_ERROR;
				CLANG_WARN_DOCUMENTATION_COMMENTS = YES;
				CLANG_WARN_EMPTY_BODY = YES;
				CLANG_WARN_ENUM_CONVERSION = YES;
				CLANG_WARN_INFINITE_RECURSION = YES;
				CLANG_WARN_INT_CONVERSION = YES;
				CLANG_WARN_NON_LITERAL_NULL_CONVERSION = YES;
				CLANG_WARN_OBJC_IMPLICIT_RETAIN_SELF = YES;
				CLANG_WARN_OBJC_LITERAL_CONVERSION = YES;
				CLANG_WARN_OBJC_ROOT_CLASS = YES_ERROR;
				CLANG_WARN_RANGE_LOOP_ANALYSIS = YES;
				CLANG_WARN_STRICT_PROTOTYPES = YES;
				CLANG_WARN_SUSPICIOUS_MOVE = YES;
				CLANG_WARN_UNGUARDED_AVAILABILITY = YES_AGGRESSIVE;
				CLANG_WARN_UNREACHABLE_CODE = YES;
				CLANG_WARN__DUPLICATE_METHOD_MATCH = YES;
				COPY_PHASE_STRIP = NO;
				DEBUG_INFORMATION_FORMAT = "dwarf-with-dsym";
				ENABLE_NS_ASSERTIONS = NO;
				ENABLE_STRICT_OBJC_MSGSEND = YES;
				GCC_C_LANGUAGE_STANDARD = gnu11;
				GCC_NO_COMMON_BLOCKS = YES;
				GCC_WARN_64_TO_32_BIT_CONVERSION = YES;
				GCC_WARN_ABOUT_RETURN_TYPE = YES_ERROR;
				GCC_WARN_UNDECLARED_SELECTOR = YES;
				GCC_WARN_UNINITIALIZED_AUTOS = YES_AGGRESSIVE;
				GCC_WARN_UNUSED_FUNCTION = YES;
				GCC_WARN_UNUSED_VARIABLE = YES;
				IPHONEOS_DEPLOYMENT_TARGET = 13.0;
				MTL_ENABLE_DEBUG_INFO = NO;
				MTL_FAST_MATH = YES;
				SDKROOT = iphoneos;
				SWIFT_COMPILATION_MODE = wholemodule;
				SWIFT_OPTIMIZATION_LEVEL = "-O";
				VALIDATE_PRODUCT = YES;
			};
			name = Release;
		};
		293A1ACD23BE47FB006754F7 /* Debug */ = {
			isa = XCBuildConfiguration;
			buildSettings = {
				ASSETCATALOG_COMPILER_APPICON_NAME = AppIcon;
				CODE_SIGN_STYLE = Automatic;
				INFOPLIST_FILE = FibTestApp/Info.plist;
				LD_RUNPATH_SEARCH_PATHS = (
					"$(inherited)",
					"@executable_path/Frameworks",
				);
				PRODUCT_BUNDLE_IDENTIFIER = apolis.FibTestApp;
				PRODUCT_NAME = "$(TARGET_NAME)";
				SWIFT_VERSION = 5.0;
				TARGETED_DEVICE_FAMILY = "1,2";
			};
			name = Debug;
		};
		293A1ACE23BE47FB006754F7 /* Release */ = {
			isa = XCBuildConfiguration;
			buildSettings = {
				ASSETCATALOG_COMPILER_APPICON_NAME = AppIcon;
				CODE_SIGN_STYLE = Automatic;
				INFOPLIST_FILE = FibTestApp/Info.plist;
				LD_RUNPATH_SEARCH_PATHS = (
					"$(inherited)",
					"@executable_path/Frameworks",
				);
				PRODUCT_BUNDLE_IDENTIFIER = apolis.FibTestApp;
				PRODUCT_NAME = "$(TARGET_NAME)";
				SWIFT_VERSION = 5.0;
				TARGETED_DEVICE_FAMILY = "1,2";
			};
			name = Release;
		};
/* End XCBuildConfiguration section */

/* Begin XCConfigurationList section */
		293A1AB323BE47F9006754F7 /* Build configuration list for PBXProject "FibTestApp" */ = {
			isa = XCConfigurationList;
			buildConfigurations = (
				293A1ACA23BE47FB006754F7 /* Debug */,
				293A1ACB23BE47FB006754F7 /* Release */,
			);
			defaultConfigurationIsVisible = 0;
			defaultConfigurationName = Release;
		};
		293A1ACC23BE47FB006754F7 /* Build configuration list for PBXNativeTarget "FibTestApp" */ = {
			isa = XCConfigurationList;
			buildConfigurations = (
				293A1ACD23BE47FB006754F7 /* Debug */,
				293A1ACE23BE47FB006754F7 /* Release */,
			);
			defaultConfigurationIsVisible = 0;
			defaultConfigurationName = Release;
		};
/* End XCConfigurationList section */
	};
	rootObject = 293A1AB023BE47F9006754F7 /* Project object */;
}
